// !$*UTF8*$!
{
	archiveVersion = 1;
	classes = {
	};
	objectVersion = 50;
	objects = {

/* Begin PBXBuildFile section */
		EF37C0772756221800B4A0EA /* NumberIsPrime.swift in Sources */ = {isa = PBXBuildFile; fileRef = EF37C0762756221800B4A0EA /* NumberIsPrime.swift */; };
		EF37C079275629DB00B4A0EA /* Challeng6_RemoveDuplicateLetters.swift in Sources */ = {isa = PBXBuildFile; fileRef = EF37C078275629DB00B4A0EA /* Challeng6_RemoveDuplicateLetters.swift */; };
		EF580A7A25FD44EC00144561 /* AppDelegate.swift in Sources */ = {isa = PBXBuildFile; fileRef = EF580A7925FD44EC00144561 /* AppDelegate.swift */; };
		EF580A7C25FD44EC00144561 /* SceneDelegate.swift in Sources */ = {isa = PBXBuildFile; fileRef = EF580A7B25FD44EC00144561 /* SceneDelegate.swift */; };
		EF580A7E25FD44EC00144561 /* ViewController.swift in Sources */ = {isa = PBXBuildFile; fileRef = EF580A7D25FD44EC00144561 /* ViewController.swift */; };
		EF580A8125FD44EC00144561 /* Main.storyboard in Resources */ = {isa = PBXBuildFile; fileRef = EF580A7F25FD44EC00144561 /* Main.storyboard */; };
		EF580A8325FD44EE00144561 /* Assets.xcassets in Resources */ = {isa = PBXBuildFile; fileRef = EF580A8225FD44EE00144561 /* Assets.xcassets */; };
		EF580A8625FD44EE00144561 /* LaunchScreen.storyboard in Resources */ = {isa = PBXBuildFile; fileRef = EF580A8425FD44EE00144561 /* LaunchScreen.storyboard */; };
		EF580A8F25FD454D00144561 /* StringsSolver.swift in Sources */ = {isa = PBXBuildFile; fileRef = EF580A8E25FD454D00144561 /* StringsSolver.swift */; };
		EF580A9F25FD48D800144561 /* StringsSolverTests.swift in Sources */ = {isa = PBXBuildFile; fileRef = EF580A9E25FD48D800144561 /* StringsSolverTests.swift */; };
		EF5B0E5D2604F0BA00914D59 /* NumberSolver.swift in Sources */ = {isa = PBXBuildFile; fileRef = EF5B0E5C2604F0BA00914D59 /* NumberSolver.swift */; };
		EF5B0E612604F13E00914D59 /* NumberSolverTests.swift in Sources */ = {isa = PBXBuildFile; fileRef = EF5B0E602604F13E00914D59 /* NumberSolverTests.swift */; };
		EFFEDF4C2752562F00E6C5E7 /* SwapTwoNumbersTests.swift in Sources */ = {isa = PBXBuildFile; fileRef = EFFEDF4B2752562F00E6C5E7 /* SwapTwoNumbersTests.swift */; };
/* End PBXBuildFile section */

/* Begin PBXContainerItemProxy section */
		EF580AA125FD48D800144561 /* PBXContainerItemProxy */ = {
			isa = PBXContainerItemProxy;
			containerPortal = EF580A6E25FD44EC00144561 /* Project object */;
			proxyType = 1;
			remoteGlobalIDString = EF580A7525FD44EC00144561;
			remoteInfo = ProblemSolving;
		};
/* End PBXContainerItemProxy section */

/* Begin PBXFileReference section */
		EF37C0762756221800B4A0EA /* NumberIsPrime.swift */ = {isa = PBXFileReference; lastKnownFileType = sourcecode.swift; path = NumberIsPrime.swift; sourceTree = "<group>"; };
		EF37C078275629DB00B4A0EA /* Challeng6_RemoveDuplicateLetters.swift */ = {isa = PBXFileReference; lastKnownFileType = sourcecode.swift; path = Challeng6_RemoveDuplicateLetters.swift; sourceTree = "<group>"; };
		EF580A7625FD44EC00144561 /* ProblemSolving.app */ = {isa = PBXFileReference; explicitFileType = wrapper.application; includeInIndex = 0; path = ProblemSolving.app; sourceTree = BUILT_PRODUCTS_DIR; };
		EF580A7925FD44EC00144561 /* AppDelegate.swift */ = {isa = PBXFileReference; lastKnownFileType = sourcecode.swift; path = AppDelegate.swift; sourceTree = "<group>"; };
		EF580A7B25FD44EC00144561 /* SceneDelegate.swift */ = {isa = PBXFileReference; lastKnownFileType = sourcecode.swift; path = SceneDelegate.swift; sourceTree = "<group>"; };
		EF580A7D25FD44EC00144561 /* ViewController.swift */ = {isa = PBXFileReference; lastKnownFileType = sourcecode.swift; path = ViewController.swift; sourceTree = "<group>"; };
		EF580A8025FD44EC00144561 /* Base */ = {isa = PBXFileReference; lastKnownFileType = file.storyboard; name = Base; path = Base.lproj/Main.storyboard; sourceTree = "<group>"; };
		EF580A8225FD44EE00144561 /* Assets.xcassets */ = {isa = PBXFileReference; lastKnownFileType = folder.assetcatalog; path = Assets.xcassets; sourceTree = "<group>"; };
		EF580A8525FD44EE00144561 /* Base */ = {isa = PBXFileReference; lastKnownFileType = file.storyboard; name = Base; path = Base.lproj/LaunchScreen.storyboard; sourceTree = "<group>"; };
		EF580A8725FD44EE00144561 /* Info.plist */ = {isa = PBXFileReference; lastKnownFileType = text.plist.xml; path = Info.plist; sourceTree = "<group>"; };
		EF580A8E25FD454D00144561 /* StringsSolver.swift */ = {isa = PBXFileReference; lastKnownFileType = sourcecode.swift; path = StringsSolver.swift; sourceTree = "<group>"; };
		EF580A9C25FD48D800144561 /* ProblemSolvingTests.xctest */ = {isa = PBXFileReference; explicitFileType = wrapper.cfbundle; includeInIndex = 0; path = ProblemSolvingTests.xctest; sourceTree = BUILT_PRODUCTS_DIR; };
		EF580A9E25FD48D800144561 /* StringsSolverTests.swift */ = {isa = PBXFileReference; lastKnownFileType = sourcecode.swift; path = StringsSolverTests.swift; sourceTree = "<group>"; };
		EF580AA025FD48D800144561 /* Info.plist */ = {isa = PBXFileReference; lastKnownFileType = text.plist.xml; path = Info.plist; sourceTree = "<group>"; };
		EF5B0E5C2604F0BA00914D59 /* NumberSolver.swift */ = {isa = PBXFileReference; lastKnownFileType = sourcecode.swift; path = NumberSolver.swift; sourceTree = "<group>"; };
		EF5B0E602604F13E00914D59 /* NumberSolverTests.swift */ = {isa = PBXFileReference; lastKnownFileType = sourcecode.swift; path = NumberSolverTests.swift; sourceTree = "<group>"; };
		EFFEDF4B2752562F00E6C5E7 /* SwapTwoNumbersTests.swift */ = {isa = PBXFileReference; lastKnownFileType = sourcecode.swift; path = SwapTwoNumbersTests.swift; sourceTree = "<group>"; };
/* End PBXFileReference section */

/* Begin PBXFrameworksBuildPhase section */
		EF580A7325FD44EC00144561 /* Frameworks */ = {
			isa = PBXFrameworksBuildPhase;
			buildActionMask = 2147483647;
			files = (
			);
			runOnlyForDeploymentPostprocessing = 0;
		};
		EF580A9925FD48D700144561 /* Frameworks */ = {
			isa = PBXFrameworksBuildPhase;
			buildActionMask = 2147483647;
			files = (
			);
			runOnlyForDeploymentPostprocessing = 0;
		};
/* End PBXFrameworksBuildPhase section */

/* Begin PBXGroup section */
		EF580A6D25FD44EC00144561 = {
			isa = PBXGroup;
			children = (
				EF580A7825FD44EC00144561 /* ProblemSolving */,
				EF580A9D25FD48D800144561 /* ProblemSolvingTests */,
				EF580A7725FD44EC00144561 /* Products */,
			);
			sourceTree = "<group>";
		};
		EF580A7725FD44EC00144561 /* Products */ = {
			isa = PBXGroup;
			children = (
				EF580A7625FD44EC00144561 /* ProblemSolving.app */,
				EF580A9C25FD48D800144561 /* ProblemSolvingTests.xctest */,
			);
			name = Products;
			sourceTree = "<group>";
		};
		EF580A7825FD44EC00144561 /* ProblemSolving */ = {
			isa = PBXGroup;
			children = (
				EF580A7925FD44EC00144561 /* AppDelegate.swift */,
				EF580A7B25FD44EC00144561 /* SceneDelegate.swift */,
				EF580A7D25FD44EC00144561 /* ViewController.swift */,
				EF580A7F25FD44EC00144561 /* Main.storyboard */,
				EF580A8225FD44EE00144561 /* Assets.xcassets */,
				EF580A8425FD44EE00144561 /* LaunchScreen.storyboard */,
				EF580A8725FD44EE00144561 /* Info.plist */,
				EF580A8E25FD454D00144561 /* StringsSolver.swift */,
				EF5B0E5C2604F0BA00914D59 /* NumberSolver.swift */,
			);
			path = ProblemSolving;
			sourceTree = "<group>";
		};
		EF580A9D25FD48D800144561 /* ProblemSolvingTests */ = {
			isa = PBXGroup;
			children = (
				EF580A9E25FD48D800144561 /* StringsSolverTests.swift */,
				EF580AA025FD48D800144561 /* Info.plist */,
				EF5B0E602604F13E00914D59 /* NumberSolverTests.swift */,
				EFFEDF4B2752562F00E6C5E7 /* SwapTwoNumbersTests.swift */,
				EF37C0762756221800B4A0EA /* NumberIsPrime.swift */,
				EF37C078275629DB00B4A0EA /* Challeng6_RemoveDuplicateLetters.swift */,
			);
			path = ProblemSolvingTests;
			sourceTree = "<group>";
		};
/* End PBXGroup section */

/* Begin PBXNativeTarget section */
		EF580A7525FD44EC00144561 /* ProblemSolving */ = {
			isa = PBXNativeTarget;
			buildConfigurationList = EF580A8A25FD44EE00144561 /* Build configuration list for PBXNativeTarget "ProblemSolving" */;
			buildPhases = (
				EF580A7225FD44EC00144561 /* Sources */,
				EF580A7325FD44EC00144561 /* Frameworks */,
				EF580A7425FD44EC00144561 /* Resources */,
			);
			buildRules = (
			);
			dependencies = (
			);
			name = ProblemSolving;
			productName = ProblemSolving;
			productReference = EF580A7625FD44EC00144561 /* ProblemSolving.app */;
			productType = "com.apple.product-type.application";
		};
		EF580A9B25FD48D700144561 /* ProblemSolvingTests */ = {
			isa = PBXNativeTarget;
			buildConfigurationList = EF580AA325FD48D800144561 /* Build configuration list for PBXNativeTarget "ProblemSolvingTests" */;
			buildPhases = (
				EF580A9825FD48D700144561 /* Sources */,
				EF580A9925FD48D700144561 /* Frameworks */,
				EF580A9A25FD48D700144561 /* Resources */,
			);
			buildRules = (
			);
			dependencies = (
				EF580AA225FD48D800144561 /* PBXTargetDependency */,
			);
			name = ProblemSolvingTests;
			productName = ProblemSolvingTests;
			productReference = EF580A9C25FD48D800144561 /* ProblemSolvingTests.xctest */;
			productType = "com.apple.product-type.bundle.unit-test";
		};
/* End PBXNativeTarget section */

/* Begin PBXProject section */
		EF580A6E25FD44EC00144561 /* Project object */ = {
			isa = PBXProject;
			attributes = {
				LastSwiftUpdateCheck = 1210;
				LastUpgradeCheck = 1210;
				TargetAttributes = {
					EF580A7525FD44EC00144561 = {
						CreatedOnToolsVersion = 12.1;
					};
					EF580A9B25FD48D700144561 = {
						CreatedOnToolsVersion = 12.1;
						TestTargetID = EF580A7525FD44EC00144561;
					};
				};
			};
			buildConfigurationList = EF580A7125FD44EC00144561 /* Build configuration list for PBXProject "ProblemSolving" */;
			compatibilityVersion = "Xcode 9.3";
			developmentRegion = en;
			hasScannedForEncodings = 0;
			knownRegions = (
				en,
				Base,
			);
			mainGroup = EF580A6D25FD44EC00144561;
			productRefGroup = EF580A7725FD44EC00144561 /* Products */;
			projectDirPath = "";
			projectRoot = "";
			targets = (
				EF580A7525FD44EC00144561 /* ProblemSolving */,
				EF580A9B25FD48D700144561 /* ProblemSolvingTests */,
			);
		};
/* End PBXProject section */

/* Begin PBXResourcesBuildPhase section */
		EF580A7425FD44EC00144561 /* Resources */ = {
			isa = PBXResourcesBuildPhase;
			buildActionMask = 2147483647;
			files = (
				EF580A8625FD44EE00144561 /* LaunchScreen.storyboard in Resources */,
				EF580A8325FD44EE00144561 /* Assets.xcassets in Resources */,
				EF580A8125FD44EC00144561 /* Main.storyboard in Resources */,
			);
			runOnlyForDeploymentPostprocessing = 0;
		};
		EF580A9A25FD48D700144561 /* Resources */ = {
			isa = PBXResourcesBuildPhase;
			buildActionMask = 2147483647;
			files = (
			);
			runOnlyForDeploymentPostprocessing = 0;
		};
/* End PBXResourcesBuildPhase section */

/* Begin PBXSourcesBuildPhase section */
		EF580A7225FD44EC00144561 /* Sources */ = {
			isa = PBXSourcesBuildPhase;
			buildActionMask = 2147483647;
			files = (
				EF5B0E5D2604F0BA00914D59 /* NumberSolver.swift in Sources */,
				EF580A7E25FD44EC00144561 /* ViewController.swift in Sources */,
				EF580A7A25FD44EC00144561 /* AppDelegate.swift in Sources */,
				EF580A7C25FD44EC00144561 /* SceneDelegate.swift in Sources */,
				EF580A8F25FD454D00144561 /* StringsSolver.swift in Sources */,
			);
			runOnlyForDeploymentPostprocessing = 0;
		};
		EF580A9825FD48D700144561 /* Sources */ = {
			isa = PBXSourcesBuildPhase;
			buildActionMask = 2147483647;
			files = (
				EF37C0772756221800B4A0EA /* NumberIsPrime.swift in Sources */,
				EF37C079275629DB00B4A0EA /* Challeng6_RemoveDuplicateLetters.swift in Sources */,
				EF580A9F25FD48D800144561 /* StringsSolverTests.swift in Sources */,
				EFFEDF4C2752562F00E6C5E7 /* SwapTwoNumbersTests.swift in Sources */,
				EF5B0E612604F13E00914D59 /* NumberSolverTests.swift in Sources */,
			);
			runOnlyForDeploymentPostprocessing = 0;
		};
/* End PBXSourcesBuildPhase section */

/* Begin PBXTargetDependency section */
		EF580AA225FD48D800144561 /* PBXTargetDependency */ = {
			isa = PBXTargetDependency;
			target = EF580A7525FD44EC00144561 /* ProblemSolving */;
			targetProxy = EF580AA125FD48D800144561 /* PBXContainerItemProxy */;
		};
/* End PBXTargetDependency section */

/* Begin PBXVariantGroup section */
		EF580A7F25FD44EC00144561 /* Main.storyboard */ = {
			isa = PBXVariantGroup;
			children = (
				EF580A8025FD44EC00144561 /* Base */,
			);
			name = Main.storyboard;
			sourceTree = "<group>";
		};
		EF580A8425FD44EE00144561 /* LaunchScreen.storyboard */ = {
			isa = PBXVariantGroup;
			children = (
				EF580A8525FD44EE00144561 /* Base */,
			);
			name = LaunchScreen.storyboard;
			sourceTree = "<group>";
		};
/* End PBXVariantGroup section */

/* Begin XCBuildConfiguration section */
		EF580A8825FD44EE00144561 /* Debug */ = {
			isa = XCBuildConfiguration;
			buildSettings = {
				ALWAYS_SEARCH_USER_PATHS = NO;
				CLANG_ANALYZER_NONNULL = YES;
				CLANG_ANALYZER_NUMBER_OBJECT_CONVERSION = YES_AGGRESSIVE;
				CLANG_CXX_LANGUAGE_STANDARD = "gnu++14";
				CLANG_CXX_LIBRARY = "libc++";
				CLANG_ENABLE_MODULES = YES;
				CLANG_ENABLE_OBJC_ARC = YES;
				CLANG_ENABLE_OBJC_WEAK = YES;
				CLANG_WARN_BLOCK_CAPTURE_AUTORELEASING = YES;
				CLANG_WARN_BOOL_CONVERSION = YES;
				CLANG_WARN_COMMA = YES;
				CLANG_WARN_CONSTANT_CONVERSION = YES;
				CLANG_WARN_DEPRECATED_OBJC_IMPLEMENTATIONS = YES;
				CLANG_WARN_DIRECT_OBJC_ISA_USAGE = YES_ERROR;
				CLANG_WARN_DOCUMENTATION_COMMENTS = YES;
				CLANG_WARN_EMPTY_BODY = YES;
				CLANG_WARN_ENUM_CONVERSION = YES;
				CLANG_WARN_INFINITE_RECURSION = YES;
				CLANG_WARN_INT_CONVERSION = YES;
				CLANG_WARN_NON_LITERAL_NULL_CONVERSION = YES;
				CLANG_WARN_OBJC_IMPLICIT_RETAIN_SELF = YES;
				CLANG_WARN_OBJC_LITERAL_CONVERSION = YES;
				CLANG_WARN_OBJC_ROOT_CLASS = YES_ERROR;
				CLANG_WARN_QUOTED_INCLUDE_IN_FRAMEWORK_HEADER = YES;
				CLANG_WARN_RANGE_LOOP_ANALYSIS = YES;
				CLANG_WARN_STRICT_PROTOTYPES = YES;
				CLANG_WARN_SUSPICIOUS_MOVE = YES;
				CLANG_WARN_UNGUARDED_AVAILABILITY = YES_AGGRESSIVE;
				CLANG_WARN_UNREACHABLE_CODE = YES;
				CLANG_WARN__DUPLICATE_METHOD_MATCH = YES;
				COPY_PHASE_STRIP = NO;
				DEBUG_INFORMATION_FORMAT = dwarf;
				ENABLE_STRICT_OBJC_MSGSEND = YES;
				ENABLE_TESTABILITY = YES;
				GCC_C_LANGUAGE_STANDARD = gnu11;
				GCC_DYNAMIC_NO_PIC = NO;
				GCC_NO_COMMON_BLOCKS = YES;
				GCC_OPTIMIZATION_LEVEL = 0;
				GCC_PREPROCESSOR_DEFINITIONS = (
					"DEBUG=1",
					"$(inherited)",
				);
				GCC_WARN_64_TO_32_BIT_CONVERSION = YES;
				GCC_WARN_ABOUT_RETURN_TYPE = YES_ERROR;
				GCC_WARN_UNDECLARED_SELECTOR = YES;
				GCC_WARN_UNINITIALIZED_AUTOS = YES_AGGRESSIVE;
				GCC_WARN_UNUSED_FUNCTION = YES;
				GCC_WARN_UNUSED_VARIABLE = YES;
				IPHONEOS_DEPLOYMENT_TARGET = 14.1;
				MTL_ENABLE_DEBUG_INFO = INCLUDE_SOURCE;
				MTL_FAST_MATH = YES;
				ONLY_ACTIVE_ARCH = YES;
				SDKROOT = iphoneos;
				SWIFT_ACTIVE_COMPILATION_CONDITIONS = DEBUG;
				SWIFT_OPTIMIZATION_LEVEL = "-Onone";
			};
			name = Debug;
		};
		EF580A8925FD44EE00144561 /* Release */ = {
			isa = XCBuildConfiguration;
			buildSettings = {
				ALWAYS_SEARCH_USER_PATHS = NO;
				CLANG_ANALYZER_NONNULL = YES;
				CLANG_ANALYZER_NUMBER_OBJECT_CONVERSION = YES_AGGRESSIVE;
				CLANG_CXX_LANGUAGE_STANDARD = "gnu++14";
				CLANG_CXX_LIBRARY = "libc++";
				CLANG_ENABLE_MODULES = YES;
				CLANG_ENABLE_OBJC_ARC = YES;
				CLANG_ENABLE_OBJC_WEAK = YES;
				CLANG_WARN_BLOCK_CAPTURE_AUTORELEASING = YES;
				CLANG_WARN_BOOL_CONVERSION = YES;
				CLANG_WARN_COMMA = YES;
				CLANG_WARN_CONSTANT_CONVERSION = YES;
				CLANG_WARN_DEPRECATED_OBJC_IMPLEMENTATIONS = YES;
				CLANG_WARN_DIRECT_OBJC_ISA_USAGE = YES_ERROR;
				CLANG_WARN_DOCUMENTATION_COMMENTS = YES;
				CLANG_WARN_EMPTY_BODY = YES;
				CLANG_WARN_ENUM_CONVERSION = YES;
				CLANG_WARN_INFINITE_RECURSION = YES;
				CLANG_WARN_INT_CONVERSION = YES;
				CLANG_WARN_NON_LITERAL_NULL_CONVERSION = YES;
				CLANG_WARN_OBJC_IMPLICIT_RETAIN_SELF = YES;
				CLANG_WARN_OBJC_LITERAL_CONVERSION = YES;
				CLANG_WARN_OBJC_ROOT_CLASS = YES_ERROR;
				CLANG_WARN_QUOTED_INCLUDE_IN_FRAMEWORK_HEADER = YES;
				CLANG_WARN_RANGE_LOOP_ANALYSIS = YES;
				CLANG_WARN_STRICT_PROTOTYPES = YES;
				CLANG_WARN_SUSPICIOUS_MOVE = YES;
				CLANG_WARN_UNGUARDED_AVAILABILITY = YES_AGGRESSIVE;
				CLANG_WARN_UNREACHABLE_CODE = YES;
				CLANG_WARN__DUPLICATE_METHOD_MATCH = YES;
				COPY_PHASE_STRIP = NO;
				DEBUG_INFORMATION_FORMAT = "dwarf-with-dsym";
				ENABLE_NS_ASSERTIONS = NO;
				ENABLE_STRICT_OBJC_MSGSEND = YES;
				GCC_C_LANGUAGE_STANDARD = gnu11;
				GCC_NO_COMMON_BLOCKS = YES;
				GCC_WARN_64_TO_32_BIT_CONVERSION = YES;
				GCC_WARN_ABOUT_RETURN_TYPE = YES_ERROR;
				GCC_WARN_UNDECLARED_SELECTOR = YES;
				GCC_WARN_UNINITIALIZED_AUTOS = YES_AGGRESSIVE;
				GCC_WARN_UNUSED_FUNCTION = YES;
				GCC_WARN_UNUSED_VARIABLE = YES;
				IPHONEOS_DEPLOYMENT_TARGET = 14.1;
				MTL_ENABLE_DEBUG_INFO = NO;
				MTL_FAST_MATH = YES;
				SDKROOT = iphoneos;
				SWIFT_COMPILATION_MODE = wholemodule;
				SWIFT_OPTIMIZATION_LEVEL = "-O";
				VALIDATE_PRODUCT = YES;
			};
			name = Release;
		};
		EF580A8B25FD44EE00144561 /* Debug */ = {
			isa = XCBuildConfiguration;
			buildSettings = {
				ASSETCATALOG_COMPILER_APPICON_NAME = AppIcon;
				ASSETCATALOG_COMPILER_GLOBAL_ACCENT_COLOR_NAME = AccentColor;
				CODE_SIGN_STYLE = Automatic;
				INFOPLIST_FILE = ProblemSolving/Info.plist;
				LD_RUNPATH_SEARCH_PATHS = (
					"$(inherited)",
					"@executable_path/Frameworks",
				);
				PRODUCT_BUNDLE_IDENTIFIER = com.victorylink.ProblemSolving;
				PRODUCT_NAME = "$(TARGET_NAME)";
				SWIFT_VERSION = 5.0;
				TARGETED_DEVICE_FAMILY = "1,2";
			};
			name = Debug;
		};
		EF580A8C25FD44EE00144561 /* Release */ = {
			isa = XCBuildConfiguration;
			buildSettings = {
				ASSETCATALOG_COMPILER_APPICON_NAME = AppIcon;
				ASSETCATALOG_COMPILER_GLOBAL_ACCENT_COLOR_NAME = AccentColor;
				CODE_SIGN_STYLE = Automatic;
				INFOPLIST_FILE = ProblemSolving/Info.plist;
				LD_RUNPATH_SEARCH_PATHS = (
					"$(inherited)",
					"@executable_path/Frameworks",
				);
				PRODUCT_BUNDLE_IDENTIFIER = com.victorylink.ProblemSolving;
				PRODUCT_NAME = "$(TARGET_NAME)";
				SWIFT_VERSION = 5.0;
				TARGETED_DEVICE_FAMILY = "1,2";
			};
			name = Release;
		};
		EF580AA425FD48D800144561 /* Debug */ = {
			isa = XCBuildConfiguration;
			buildSettings = {
				BUNDLE_LOADER = "$(TEST_HOST)";
				CODE_SIGN_STYLE = Automatic;
				INFOPLIST_FILE = ProblemSolvingTests/Info.plist;
				LD_RUNPATH_SEARCH_PATHS = (
					"$(inherited)",
					"@executable_path/Frameworks",
					"@loader_path/Frameworks",
				);
				PRODUCT_BUNDLE_IDENTIFIER = com.victorylink.ProblemSolvingTests;
				PRODUCT_NAME = "$(TARGET_NAME)";
				SWIFT_VERSION = 5.0;
				TARGETED_DEVICE_FAMILY = "1,2";
				TEST_HOST = "$(BUILT_PRODUCTS_DIR)/ProblemSolving.app/ProblemSolving";
			};
			name = Debug;
		};
		EF580AA525FD48D800144561 /* Release */ = {
			isa = XCBuildConfiguration;
			buildSettings = {
				BUNDLE_LOADER = "$(TEST_HOST)";
				CODE_SIGN_STYLE = Automatic;
				INFOPLIST_FILE = ProblemSolvingTests/Info.plist;
				LD_RUNPATH_SEARCH_PATHS = (
					"$(inherited)",
					"@executable_path/Frameworks",
					"@loader_path/Frameworks",
				);
				PRODUCT_BUNDLE_IDENTIFIER = com.victorylink.ProblemSolvingTests;
				PRODUCT_NAME = "$(TARGET_NAME)";
				SWIFT_VERSION = 5.0;
				TARGETED_DEVICE_FAMILY = "1,2";
				TEST_HOST = "$(BUILT_PRODUCTS_DIR)/ProblemSolving.app/ProblemSolving";
			};
			name = Release;
		};
/* End XCBuildConfiguration section */

/* Begin XCConfigurationList section */
		EF580A7125FD44EC00144561 /* Build configuration list for PBXProject "ProblemSolving" */ = {
			isa = XCConfigurationList;
			buildConfigurations = (
				EF580A8825FD44EE00144561 /* Debug */,
				EF580A8925FD44EE00144561 /* Release */,
			);
			defaultConfigurationIsVisible = 0;
			defaultConfigurationName = Release;
		};
		EF580A8A25FD44EE00144561 /* Build configuration list for PBXNativeTarget "ProblemSolving" */ = {
			isa = XCConfigurationList;
			buildConfigurations = (
				EF580A8B25FD44EE00144561 /* Debug */,
				EF580A8C25FD44EE00144561 /* Release */,
			);
			defaultConfigurationIsVisible = 0;
			defaultConfigurationName = Release;
		};
		EF580AA325FD48D800144561 /* Build configuration list for PBXNativeTarget "ProblemSolvingTests" */ = {
			isa = XCConfigurationList;
			buildConfigurations = (
				EF580AA425FD48D800144561 /* Debug */,
				EF580AA525FD48D800144561 /* Release */,
			);
			defaultConfigurationIsVisible = 0;
			defaultConfigurationName = Release;
		};
/* End XCConfigurationList section */
	};
	rootObject = EF580A6E25FD44EC00144561 /* Project object */;
}
